{
  "name": "angular-io-example",
  "version": "1.0.0",
  "lockfileVersion": 1,
  "requires": true,
  "dependencies": {
    "@nguniversal/express-engine": {
      "version": "8.0.0-rc.1",
      "resolved": "https://registry.npmjs.org/@nguniversal/express-engine/-/express-engine-8.0.0-rc.1.tgz",
      "integrity": "sha512-WGJZTxkCMgDHK3UQHi6h7AL9Us7Vroz+pAS60lKJ0oNUCxoJ9S+i4jXfb6rtR5DtOTBqUy8O8fQ0U0HZOhhoWA=="
    }
  }
}
