
Microsoft Visual Studio Solution File, Format Version 12.00
# Visual Studio Version 16
VisualStudioVersion = 16.0.29009.5
MinimumVisualStudioVersion = 10.0.40219.1
Project("{2150E333-8FDC-42A3-9474-1A3956D46DE8}") = "src", "src", "{C6558F70-9DB5-431A-B0EF-FEF423E4FF04}"
EndProject
Project("{2150E333-8FDC-42A3-9474-1A3956D46DE8}") = "test", "test", "{CC5E448F-E308-46C6-93EC-15AAA43708CE}"
EndProject
Project("{2150E333-8FDC-42A3-9474-1A3956D46DE8}") = "client", "client", "{DFB4EC2B-8D44-4785-9CDF-2DD433FA391A}"
EndProject
Project("{2150E333-8FDC-42A3-9474-1A3956D46DE8}") = "viewers", "viewers", "{9822CCC8-ACB8-4F6F-A490-5C01FD2ABAB6}"
EndProject
Project("{9A19103F-16F7-4668-BE54-9A1E7A4F7556}") = "Jalasoft.DevBootcamp.Observer.Client", "src\Jalasoft.DevBootcamp.Observer.Client\Jalasoft.DevBootcamp.Observer.Client.csproj", "{8AA3F528-178D-42E7-A7E2-8B9B0A4FDF9B}"
EndProject
Project("{9A19103F-16F7-4668-BE54-9A1E7A4F7556}") = "Jalasoft.DevBootcamp.Observer.Viewers", "src\Jalasoft.DevBootcamp.Observer.Viewers\Jalasoft.DevBootcamp.Observer.Viewers.csproj", "{34B1AC7E-A694-495F-B667-67B3062CD74A}"
EndProject
Project("{2150E333-8FDC-42A3-9474-1A3956D46DE8}") = "subject-observer", "subject-observer", "{FE947DFA-0D4E-4FFE-BE1B-59BEBB32F139}"
EndProject
Project("{9A19103F-16F7-4668-BE54-9A1E7A4F7556}") = "Jalasoft.DevBootcamp.Observer.Pattern", "src\Jalasoft.DevBootcamp.Observer.Pattern\Jalasoft.DevBootcamp.Observer.Pattern.csproj", "{3BC9D45F-E498-43B6-BC16-C2003D2F7640}"
EndProject
Project("{2150E333-8FDC-42A3-9474-1A3956D46DE8}") = "subject-observer", "subject-observer", "{12BBFFEE-DF4C-4ADF-9287-1D198AF729A8}"
EndProject
Project("{9A19103F-16F7-4668-BE54-9A1E7A4F7556}") = "Jalasoft.DevBootcamp.Observer.Pattern.Tests", "test\Jalasoft.DevBootcamp.Observer.Pattern.Tests\Jalasoft.DevBootcamp.Observer.Pattern.Tests.csproj", "{76F39BC9-6C1F-41CD-952E-90053E2C0322}"
EndProject
Global
	GlobalSection(SolutionConfigurationPlatforms) = preSolution
		Debug|Any CPU = Debug|Any CPU
		Release|Any CPU = Release|Any CPU
	EndGlobalSection
	GlobalSection(ProjectConfigurationPlatforms) = postSolution
		{8AA3F528-178D-42E7-A7E2-8B9B0A4FDF9B}.Debug|Any CPU.ActiveCfg = Debug|Any CPU
		{8AA3F528-178D-42E7-A7E2-8B9B0A4FDF9B}.Debug|Any CPU.Build.0 = Debug|Any CPU
		{8AA3F528-178D-42E7-A7E2-8B9B0A4FDF9B}.Release|Any CPU.ActiveCfg = Release|Any CPU
		{8AA3F528-178D-42E7-A7E2-8B9B0A4FDF9B}.Release|Any CPU.Build.0 = Release|Any CPU
		{34B1AC7E-A694-495F-B667-67B3062CD74A}.Debug|Any CPU.ActiveCfg = Debug|Any CPU
		{34B1AC7E-A694-495F-B667-67B3062CD74A}.Debug|Any CPU.Build.0 = Debug|Any CPU
		{34B1AC7E-A694-495F-B667-67B3062CD74A}.Release|Any CPU.ActiveCfg = Release|Any CPU
		{34B1AC7E-A694-495F-B667-67B3062CD74A}.Release|Any CPU.Build.0 = Release|Any CPU
		{3BC9D45F-E498-43B6-BC16-C2003D2F7640}.Debug|Any CPU.ActiveCfg = Debug|Any CPU
		{3BC9D45F-E498-43B6-BC16-C2003D2F7640}.Debug|Any CPU.Build.0 = Debug|Any CPU
		{3BC9D45F-E498-43B6-BC16-C2003D2F7640}.Release|Any CPU.ActiveCfg = Release|Any CPU
		{3BC9D45F-E498-43B6-BC16-C2003D2F7640}.Release|Any CPU.Build.0 = Release|Any CPU
		{76F39BC9-6C1F-41CD-952E-90053E2C0322}.Debug|Any CPU.ActiveCfg = Debug|Any CPU
		{76F39BC9-6C1F-41CD-952E-90053E2C0322}.Debug|Any CPU.Build.0 = Debug|Any CPU
		{76F39BC9-6C1F-41CD-952E-90053E2C0322}.Release|Any CPU.ActiveCfg = Release|Any CPU
		{76F39BC9-6C1F-41CD-952E-90053E2C0322}.Release|Any CPU.Build.0 = Release|Any CPU
	EndGlobalSection
	GlobalSection(SolutionProperties) = preSolution
		HideSolutionNode = FALSE
	EndGlobalSection
	GlobalSection(NestedProjects) = preSolution
		{DFB4EC2B-8D44-4785-9CDF-2DD433FA391A} = {C6558F70-9DB5-431A-B0EF-FEF423E4FF04}
		{9822CCC8-ACB8-4F6F-A490-5C01FD2ABAB6} = {C6558F70-9DB5-431A-B0EF-FEF423E4FF04}
		{8AA3F528-178D-42E7-A7E2-8B9B0A4FDF9B} = {DFB4EC2B-8D44-4785-9CDF-2DD433FA391A}
		{34B1AC7E-A694-495F-B667-67B3062CD74A} = {9822CCC8-ACB8-4F6F-A490-5C01FD2ABAB6}
		{FE947DFA-0D4E-4FFE-BE1B-59BEBB32F139} = {C6558F70-9DB5-431A-B0EF-FEF423E4FF04}
		{3BC9D45F-E498-43B6-BC16-C2003D2F7640} = {FE947DFA-0D4E-4FFE-BE1B-59BEBB32F139}
		{12BBFFEE-DF4C-4ADF-9287-1D198AF729A8} = {CC5E448F-E308-46C6-93EC-15AAA43708CE}
		{76F39BC9-6C1F-41CD-952E-90053E2C0322} = {12BBFFEE-DF4C-4ADF-9287-1D198AF729A8}
	EndGlobalSection
	GlobalSection(ExtensibilityGlobals) = postSolution
		SolutionGuid = {88D90060-93F2-44EE-B37E-35E9CEDFAE91}
	EndGlobalSection
EndGlobal
