
Microsoft Visual Studio Solution File, Format Version 12.00
# Visual Studio 2012
Project("{FAE04EC0-301F-11D3-BF4B-00C04F79EFBC}") = "test1", "test1\test1.csproj", "{3C133EF7-93E8-484A-9116-2F3E1469F405}"
EndProject
Project("{FAE04EC0-301F-11D3-BF4B-00C04F79EFBC}") = "test1.Tests", "test1.Tests\test1.Tests.csproj", "{BDE8CBED-DE4A-4E25-80ED-865588F016FB}"
EndProject
Global
	GlobalSection(SolutionConfigurationPlatforms) = preSolution
		Debug|Any CPU = Debug|Any CPU
		Release|Any CPU = Release|Any CPU
	EndGlobalSection
	GlobalSection(ProjectConfigurationPlatforms) = postSolution
		{3C133EF7-93E8-484A-9116-2F3E1469F405}.Debug|Any CPU.ActiveCfg = Debug|Any CPU
		{3C133EF7-93E8-484A-9116-2F3E1469F405}.Debug|Any CPU.Build.0 = Debug|Any CPU
		{3C133EF7-93E8-484A-9116-2F3E1469F405}.Release|Any CPU.ActiveCfg = Release|Any CPU
		{3C133EF7-93E8-484A-9116-2F3E1469F405}.Release|Any CPU.Build.0 = Release|Any CPU
		{BDE8CBED-DE4A-4E25-80ED-865588F016FB}.Debug|Any CPU.ActiveCfg = Debug|Any CPU
		{BDE8CBED-DE4A-4E25-80ED-865588F016FB}.Debug|Any CPU.Build.0 = Debug|Any CPU
		{BDE8CBED-DE4A-4E25-80ED-865588F016FB}.Release|Any CPU.ActiveCfg = Release|Any CPU
		{BDE8CBED-DE4A-4E25-80ED-865588F016FB}.Release|Any CPU.Build.0 = Release|Any CPU
	EndGlobalSection
EndGlobal
