
Microsoft Visual Studio Solution File, Format Version 12.00
# Visual Studio Version 16
VisualStudioVersion = 16.0.28803.202
MinimumVisualStudioVersion = 10.0.40219.1
Project("{9A19103F-16F7-4668-BE54-9A1E7A4F7556}") = "Jalasoft.BackEnd.Console", "Jalasoft.BackEnd.Console\Jalasoft.BackEnd.Console.csproj", "{933CAB14-EBBC-43CD-8DB9-93195FE210A8}"
EndProject
Project("{2150E333-8FDC-42A3-9474-1A3956D46DE8}") = "src", "src", "{5FE94682-54F6-4637-984D-0549B27092C0}"
EndProject
Project("{2150E333-8FDC-42A3-9474-1A3956D46DE8}") = "test", "test", "{4B22B4E1-8DEC-4F71-9906-24D671074622}"
EndProject
Project("{2150E333-8FDC-42A3-9474-1A3956D46DE8}") = "api", "api", "{FFBEAC6B-A499-4224-B5E0-173ECCC4A4F7}"
EndProject
Project("{2150E333-8FDC-42A3-9474-1A3956D46DE8}") = "core", "core", "{4454FE0E-E542-429F-88E5-94B8BF0ABA8E}"
EndProject
Project("{2150E333-8FDC-42A3-9474-1A3956D46DE8}") = "dao", "dao", "{593DE330-C8CE-46A1-BE23-E32F4C52479D}"
EndProject
Project("{2150E333-8FDC-42A3-9474-1A3956D46DE8}") = "api", "api", "{CD581ED0-DDED-441A-AAA3-337B981BF824}"
EndProject
Project("{2150E333-8FDC-42A3-9474-1A3956D46DE8}") = "core", "core", "{4505368C-902E-4B26-963B-07B5FCE7C2BD}"
EndProject
Project("{2150E333-8FDC-42A3-9474-1A3956D46DE8}") = "dao", "dao", "{FA9A1C1C-FCE0-48EE-94DE-3503AA85512B}"
EndProject
Project("{9A19103F-16F7-4668-BE54-9A1E7A4F7556}") = "Jalasoft.BackEnd.Dao.SqlLite", "src\dao\Jalasoft.BackEnd.Dao.SqlLite\Jalasoft.BackEnd.Dao.SqlLite.csproj", "{CA239371-CD29-4F26-9819-EEEDFF82B603}"
EndProject
Project("{9A19103F-16F7-4668-BE54-9A1E7A4F7556}") = "Jalasoft.BackEnd.Model", "src\core\domain\Jalasoft.BackEnd.Model\Jalasoft.BackEnd.Model.csproj", "{CC4A3BBD-1FB0-42FD-9666-0E19A785BE6B}"
EndProject
Project("{FAE04EC0-301F-11D3-BF4B-00C04F79EFBC}") = "Jalasoft.BackEnd.Dao", "src\dao\Jalasoft.BackEnd.Dao\Jalasoft.BackEnd.Dao.csproj", "{92489DD4-866F-474C-9CCB-07FA141684AF}"
EndProject
Project("{FAE04EC0-301F-11D3-BF4B-00C04F79EFBC}") = "Jalasoft.BackEnd.Api", "src\core\api\Jalasoft.BackEnd.Api\Jalasoft.BackEnd.Api.csproj", "{D0B40F1F-A3B0-46D0-82D8-B774A5B67790}"
EndProject
Global
	GlobalSection(SolutionConfigurationPlatforms) = preSolution
		Debug|Any CPU = Debug|Any CPU
		Release|Any CPU = Release|Any CPU
	EndGlobalSection
	GlobalSection(ProjectConfigurationPlatforms) = postSolution
		{933CAB14-EBBC-43CD-8DB9-93195FE210A8}.Debug|Any CPU.ActiveCfg = Debug|Any CPU
		{933CAB14-EBBC-43CD-8DB9-93195FE210A8}.Debug|Any CPU.Build.0 = Debug|Any CPU
		{933CAB14-EBBC-43CD-8DB9-93195FE210A8}.Release|Any CPU.ActiveCfg = Release|Any CPU
		{933CAB14-EBBC-43CD-8DB9-93195FE210A8}.Release|Any CPU.Build.0 = Release|Any CPU
		{CA239371-CD29-4F26-9819-EEEDFF82B603}.Debug|Any CPU.ActiveCfg = Debug|Any CPU
		{CA239371-CD29-4F26-9819-EEEDFF82B603}.Debug|Any CPU.Build.0 = Debug|Any CPU
		{CA239371-CD29-4F26-9819-EEEDFF82B603}.Release|Any CPU.ActiveCfg = Release|Any CPU
		{CA239371-CD29-4F26-9819-EEEDFF82B603}.Release|Any CPU.Build.0 = Release|Any CPU
		{CC4A3BBD-1FB0-42FD-9666-0E19A785BE6B}.Debug|Any CPU.ActiveCfg = Debug|Any CPU
		{CC4A3BBD-1FB0-42FD-9666-0E19A785BE6B}.Debug|Any CPU.Build.0 = Debug|Any CPU
		{CC4A3BBD-1FB0-42FD-9666-0E19A785BE6B}.Release|Any CPU.ActiveCfg = Release|Any CPU
		{CC4A3BBD-1FB0-42FD-9666-0E19A785BE6B}.Release|Any CPU.Build.0 = Release|Any CPU
		{92489DD4-866F-474C-9CCB-07FA141684AF}.Debug|Any CPU.ActiveCfg = Debug|Any CPU
		{92489DD4-866F-474C-9CCB-07FA141684AF}.Debug|Any CPU.Build.0 = Debug|Any CPU
		{92489DD4-866F-474C-9CCB-07FA141684AF}.Release|Any CPU.ActiveCfg = Release|Any CPU
		{92489DD4-866F-474C-9CCB-07FA141684AF}.Release|Any CPU.Build.0 = Release|Any CPU
		{D0B40F1F-A3B0-46D0-82D8-B774A5B67790}.Debug|Any CPU.ActiveCfg = Debug|Any CPU
		{D0B40F1F-A3B0-46D0-82D8-B774A5B67790}.Debug|Any CPU.Build.0 = Debug|Any CPU
		{D0B40F1F-A3B0-46D0-82D8-B774A5B67790}.Release|Any CPU.ActiveCfg = Release|Any CPU
		{D0B40F1F-A3B0-46D0-82D8-B774A5B67790}.Release|Any CPU.Build.0 = Release|Any CPU
	EndGlobalSection
	GlobalSection(SolutionProperties) = preSolution
		HideSolutionNode = FALSE
	EndGlobalSection
	GlobalSection(NestedProjects) = preSolution
		{933CAB14-EBBC-43CD-8DB9-93195FE210A8} = {5FE94682-54F6-4637-984D-0549B27092C0}
		{FFBEAC6B-A499-4224-B5E0-173ECCC4A4F7} = {5FE94682-54F6-4637-984D-0549B27092C0}
		{4454FE0E-E542-429F-88E5-94B8BF0ABA8E} = {5FE94682-54F6-4637-984D-0549B27092C0}
		{593DE330-C8CE-46A1-BE23-E32F4C52479D} = {5FE94682-54F6-4637-984D-0549B27092C0}
		{CD581ED0-DDED-441A-AAA3-337B981BF824} = {4B22B4E1-8DEC-4F71-9906-24D671074622}
		{4505368C-902E-4B26-963B-07B5FCE7C2BD} = {4B22B4E1-8DEC-4F71-9906-24D671074622}
		{FA9A1C1C-FCE0-48EE-94DE-3503AA85512B} = {4B22B4E1-8DEC-4F71-9906-24D671074622}
		{CA239371-CD29-4F26-9819-EEEDFF82B603} = {593DE330-C8CE-46A1-BE23-E32F4C52479D}
		{CC4A3BBD-1FB0-42FD-9666-0E19A785BE6B} = {FFBEAC6B-A499-4224-B5E0-173ECCC4A4F7}
		{92489DD4-866F-474C-9CCB-07FA141684AF} = {593DE330-C8CE-46A1-BE23-E32F4C52479D}
		{D0B40F1F-A3B0-46D0-82D8-B774A5B67790} = {FFBEAC6B-A499-4224-B5E0-173ECCC4A4F7}
	EndGlobalSection
	GlobalSection(ExtensibilityGlobals) = postSolution
		SolutionGuid = {1B70512F-1B82-445A-8A1B-39E64D370D6B}
	EndGlobalSection
EndGlobal
