
Microsoft Visual Studio Solution File, Format Version 12.00
# Visual Studio 15
Project("{FAE04EC0-301F-11D3-BF4B-00C04F79EFBC}") = "TestWeb", "TestWeb\TestWeb.csproj", "{2F7963B2-49E5-4149-8553-46ABAB18489E}"
EndProject
Global
	GlobalSection(SolutionConfigurationPlatforms) = preSolution
		Debug|Any CPU = Debug|Any CPU
		Release|Any CPU = Release|Any CPU
	EndGlobalSection
	GlobalSection(ProjectConfigurationPlatforms) = postSolution
		{2F7963B2-49E5-4149-8553-46ABAB18489E}.Debug|Any CPU.ActiveCfg = Debug|Any CPU
		{2F7963B2-49E5-4149-8553-46ABAB18489E}.Debug|Any CPU.Build.0 = Debug|Any CPU
		{2F7963B2-49E5-4149-8553-46ABAB18489E}.Release|Any CPU.ActiveCfg = Release|Any CPU
		{2F7963B2-49E5-4149-8553-46ABAB18489E}.Release|Any CPU.Build.0 = Release|Any CPU
	EndGlobalSection
EndGlobal
