
Microsoft Visual Studio Solution File, Format Version 12.00
# Visual Studio 15
Project("{2150E333-8FDC-42A3-9474-1A3956D46DE8}") = "src", "src", "{9E64F726-210B-407A-B509-B0A8AC259D9D}"
EndProject
Project("{2150E333-8FDC-42A3-9474-1A3956D46DE8}") = "test", "test", "{8572ED08-F2E6-41FB-9048-41733C80AE50}"
EndProject
Project("{FAE04EC0-301F-11D3-BF4B-00C04F79EFBC}") = "Jalasoft.Chat.User.Domain", "src\core\domain\Jalasoft.Chat.User.Domain\Jalasoft.Chat.User.Domain.csproj", "{9AA309BE-0F15-4CDF-B115-563E53C32D6E}"
EndProject
Project("{2150E333-8FDC-42A3-9474-1A3956D46DE8}") = "api", "api", "{13E6041C-3996-4A89-B3EB-C7A63D84D47C}"
EndProject
Project("{2150E333-8FDC-42A3-9474-1A3956D46DE8}") = "core", "core", "{1B6A88C0-8799-4114-A6BF-07F0A3D5F68F}"
EndProject
Project("{2150E333-8FDC-42A3-9474-1A3956D46DE8}") = "dao", "dao", "{80DC132B-A328-49DB-9C31-C5CCC1E6BD15}"
EndProject
Project("{2150E333-8FDC-42A3-9474-1A3956D46DE8}") = "domain", "domain", "{C6C937B7-D4BF-4119-BDC6-183C54A2BE21}"
EndProject
Project("{FAE04EC0-301F-11D3-BF4B-00C04F79EFBC}") = "Jalasoft.Chat.User.Dao.Cassandra", "src\Jalasoft.Chat.User.Cassandra.Dao\Jalasoft.Chat.User.Dao.Cassandra.csproj", "{637CA840-E5D3-4864-9838-15279AE975A6}"
EndProject
Project("{FAE04EC0-301F-11D3-BF4B-00C04F79EFBC}") = "Jalasoft.Chat.User.Dao", "src\Jalasoft.Chat.User.Cassandra.Dao\Jalasoft.Chat.User.Dao\Jalasoft.Chat.User.Dao.csproj", "{988157B3-8BB1-4143-B1DA-936D51CB99FC}"
EndProject
Project("{FAE04EC0-301F-11D3-BF4B-00C04F79EFBC}") = "Jalasoft.Chat.User.Dao.SQLLite", "src\Jalasoft.Chat.User.Cassandra.Dao\Jalasoft.Chat.User.Dao.SQLLite\Jalasoft.Chat.User.Dao.SQLLite.csproj", "{FA511B0A-3DA1-4925-9DC7-282FA5E0978E}"
EndProject
Global
	GlobalSection(SolutionConfigurationPlatforms) = preSolution
		Debug|Any CPU = Debug|Any CPU
		Release|Any CPU = Release|Any CPU
	EndGlobalSection
	GlobalSection(ProjectConfigurationPlatforms) = postSolution
		{9AA309BE-0F15-4CDF-B115-563E53C32D6E}.Debug|Any CPU.ActiveCfg = Debug|Any CPU
		{9AA309BE-0F15-4CDF-B115-563E53C32D6E}.Debug|Any CPU.Build.0 = Debug|Any CPU
		{9AA309BE-0F15-4CDF-B115-563E53C32D6E}.Release|Any CPU.ActiveCfg = Release|Any CPU
		{9AA309BE-0F15-4CDF-B115-563E53C32D6E}.Release|Any CPU.Build.0 = Release|Any CPU
		{637CA840-E5D3-4864-9838-15279AE975A6}.Debug|Any CPU.ActiveCfg = Debug|Any CPU
		{637CA840-E5D3-4864-9838-15279AE975A6}.Debug|Any CPU.Build.0 = Debug|Any CPU
		{637CA840-E5D3-4864-9838-15279AE975A6}.Release|Any CPU.ActiveCfg = Release|Any CPU
		{637CA840-E5D3-4864-9838-15279AE975A6}.Release|Any CPU.Build.0 = Release|Any CPU
		{988157B3-8BB1-4143-B1DA-936D51CB99FC}.Debug|Any CPU.ActiveCfg = Debug|Any CPU
		{988157B3-8BB1-4143-B1DA-936D51CB99FC}.Debug|Any CPU.Build.0 = Debug|Any CPU
		{988157B3-8BB1-4143-B1DA-936D51CB99FC}.Release|Any CPU.ActiveCfg = Release|Any CPU
		{988157B3-8BB1-4143-B1DA-936D51CB99FC}.Release|Any CPU.Build.0 = Release|Any CPU
		{FA511B0A-3DA1-4925-9DC7-282FA5E0978E}.Debug|Any CPU.ActiveCfg = Debug|Any CPU
		{FA511B0A-3DA1-4925-9DC7-282FA5E0978E}.Debug|Any CPU.Build.0 = Debug|Any CPU
		{FA511B0A-3DA1-4925-9DC7-282FA5E0978E}.Release|Any CPU.ActiveCfg = Release|Any CPU
		{FA511B0A-3DA1-4925-9DC7-282FA5E0978E}.Release|Any CPU.Build.0 = Release|Any CPU
	EndGlobalSection
	GlobalSection(NestedProjects) = preSolution
		{9AA309BE-0F15-4CDF-B115-563E53C32D6E} = {C6C937B7-D4BF-4119-BDC6-183C54A2BE21}
		{13E6041C-3996-4A89-B3EB-C7A63D84D47C} = {9E64F726-210B-407A-B509-B0A8AC259D9D}
		{1B6A88C0-8799-4114-A6BF-07F0A3D5F68F} = {9E64F726-210B-407A-B509-B0A8AC259D9D}
		{80DC132B-A328-49DB-9C31-C5CCC1E6BD15} = {9E64F726-210B-407A-B509-B0A8AC259D9D}
		{C6C937B7-D4BF-4119-BDC6-183C54A2BE21} = {1B6A88C0-8799-4114-A6BF-07F0A3D5F68F}
		{637CA840-E5D3-4864-9838-15279AE975A6} = {80DC132B-A328-49DB-9C31-C5CCC1E6BD15}
		{988157B3-8BB1-4143-B1DA-936D51CB99FC} = {80DC132B-A328-49DB-9C31-C5CCC1E6BD15}
		{FA511B0A-3DA1-4925-9DC7-282FA5E0978E} = {80DC132B-A328-49DB-9C31-C5CCC1E6BD15}
	EndGlobalSection
EndGlobal
