
Microsoft Visual Studio Solution File, Format Version 12.00
# Visual Studio 2012
Project("{FAE04EC0-301F-11D3-BF4B-00C04F79EFBC}") = "test2", "test2\test2.csproj", "{2466EF44-F804-4ABD-A0EB-EFA6863EE873}"
EndProject
Project("{FAE04EC0-301F-11D3-BF4B-00C04F79EFBC}") = "test2.Tests", "test2.Tests\test2.Tests.csproj", "{B3852295-4CC0-45B6-B246-50759EF91894}"
EndProject
Global
	GlobalSection(SolutionConfigurationPlatforms) = preSolution
		Debug|Any CPU = Debug|Any CPU
		Release|Any CPU = Release|Any CPU
	EndGlobalSection
	GlobalSection(ProjectConfigurationPlatforms) = postSolution
		{2466EF44-F804-4ABD-A0EB-EFA6863EE873}.Debug|Any CPU.ActiveCfg = Debug|Any CPU
		{2466EF44-F804-4ABD-A0EB-EFA6863EE873}.Debug|Any CPU.Build.0 = Debug|Any CPU
		{2466EF44-F804-4ABD-A0EB-EFA6863EE873}.Release|Any CPU.ActiveCfg = Release|Any CPU
		{2466EF44-F804-4ABD-A0EB-EFA6863EE873}.Release|Any CPU.Build.0 = Release|Any CPU
		{B3852295-4CC0-45B6-B246-50759EF91894}.Debug|Any CPU.ActiveCfg = Debug|Any CPU
		{B3852295-4CC0-45B6-B246-50759EF91894}.Debug|Any CPU.Build.0 = Debug|Any CPU
		{B3852295-4CC0-45B6-B246-50759EF91894}.Release|Any CPU.ActiveCfg = Release|Any CPU
		{B3852295-4CC0-45B6-B246-50759EF91894}.Release|Any CPU.Build.0 = Release|Any CPU
	EndGlobalSection
EndGlobal
