
Microsoft Visual Studio Solution File, Format Version 12.00
# Visual Studio 15
Project("{FAE04EC0-301F-11D3-BF4B-00C04F79EFBC}") = "Jalasoft.DotNet.RabbitNQ", "Jalasoft.DotNet.RabbitNQ\Jalasoft.DotNet.RabbitNQ.csproj", "{B31CEA86-110B-4EC1-AFAF-3C714B98E4D3}"
EndProject
Project("{FAE04EC0-301F-11D3-BF4B-00C04F79EFBC}") = "Jalasoft.DotNet.RabbitNQ.Receiver", "alasoft.DotNet.RabbitNQ.Receiver\Jalasoft.DotNet.RabbitNQ.Receiver.csproj", "{A102D608-2131-4866-A481-2B93A77CB6E5}"
EndProject
Global
	GlobalSection(SolutionConfigurationPlatforms) = preSolution
		Debug|Any CPU = Debug|Any CPU
		Release|Any CPU = Release|Any CPU
	EndGlobalSection
	GlobalSection(ProjectConfigurationPlatforms) = postSolution
		{B31CEA86-110B-4EC1-AFAF-3C714B98E4D3}.Debug|Any CPU.ActiveCfg = Debug|Any CPU
		{B31CEA86-110B-4EC1-AFAF-3C714B98E4D3}.Debug|Any CPU.Build.0 = Debug|Any CPU
		{B31CEA86-110B-4EC1-AFAF-3C714B98E4D3}.Release|Any CPU.ActiveCfg = Release|Any CPU
		{B31CEA86-110B-4EC1-AFAF-3C714B98E4D3}.Release|Any CPU.Build.0 = Release|Any CPU
		{A102D608-2131-4866-A481-2B93A77CB6E5}.Debug|Any CPU.ActiveCfg = Debug|Any CPU
		{A102D608-2131-4866-A481-2B93A77CB6E5}.Debug|Any CPU.Build.0 = Debug|Any CPU
		{A102D608-2131-4866-A481-2B93A77CB6E5}.Release|Any CPU.ActiveCfg = Release|Any CPU
		{A102D608-2131-4866-A481-2B93A77CB6E5}.Release|Any CPU.Build.0 = Release|Any CPU
	EndGlobalSection
EndGlobal
