
Microsoft Visual Studio Solution File, Format Version 12.00
# Visual Studio 15
Project("{FAE04EC0-301F-11D3-BF4B-00C04F79EFBC}") = "UDABOL-ADOO", "UDABOL-ADOO\UDABOL-ADOO.csproj", "{55CD3E2A-7066-4AD5-9F8E-0E0EE23FA16E}"
EndProject
Global
	GlobalSection(SolutionConfigurationPlatforms) = preSolution
		Debug|Any CPU = Debug|Any CPU
		Release|Any CPU = Release|Any CPU
	EndGlobalSection
	GlobalSection(ProjectConfigurationPlatforms) = postSolution
		{55CD3E2A-7066-4AD5-9F8E-0E0EE23FA16E}.Debug|Any CPU.ActiveCfg = Debug|Any CPU
		{55CD3E2A-7066-4AD5-9F8E-0E0EE23FA16E}.Debug|Any CPU.Build.0 = Debug|Any CPU
		{55CD3E2A-7066-4AD5-9F8E-0E0EE23FA16E}.Release|Any CPU.ActiveCfg = Release|Any CPU
		{55CD3E2A-7066-4AD5-9F8E-0E0EE23FA16E}.Release|Any CPU.Build.0 = Release|Any CPU
	EndGlobalSection
EndGlobal
