
Microsoft Visual Studio Solution File, Format Version 12.00
# Visual Studio 15
Project("{FAE04EC0-301F-11D3-BF4B-00C04F79EFBC}") = "sol1", "sol1\sol1.csproj", "{3C236882-92B8-4EB4-8116-21062B1EC705}"
EndProject
Project("{FAE04EC0-301F-11D3-BF4B-00C04F79EFBC}") = "sol1.Tests", "sol1.Tests\sol1.Tests.csproj", "{17DA0DF5-294B-4E6B-8E31-0838F6569DE3}"
EndProject
Global
	GlobalSection(SolutionConfigurationPlatforms) = preSolution
		Debug|Any CPU = Debug|Any CPU
		Release|Any CPU = Release|Any CPU
	EndGlobalSection
	GlobalSection(ProjectConfigurationPlatforms) = postSolution
		{3C236882-92B8-4EB4-8116-21062B1EC705}.Debug|Any CPU.ActiveCfg = Debug|Any CPU
		{3C236882-92B8-4EB4-8116-21062B1EC705}.Debug|Any CPU.Build.0 = Debug|Any CPU
		{3C236882-92B8-4EB4-8116-21062B1EC705}.Release|Any CPU.ActiveCfg = Release|Any CPU
		{3C236882-92B8-4EB4-8116-21062B1EC705}.Release|Any CPU.Build.0 = Release|Any CPU
		{17DA0DF5-294B-4E6B-8E31-0838F6569DE3}.Debug|Any CPU.ActiveCfg = Debug|Any CPU
		{17DA0DF5-294B-4E6B-8E31-0838F6569DE3}.Debug|Any CPU.Build.0 = Debug|Any CPU
		{17DA0DF5-294B-4E6B-8E31-0838F6569DE3}.Release|Any CPU.ActiveCfg = Release|Any CPU
		{17DA0DF5-294B-4E6B-8E31-0838F6569DE3}.Release|Any CPU.Build.0 = Release|Any CPU
	EndGlobalSection
EndGlobal
