
Microsoft Visual Studio Solution File, Format Version 12.00
# Visual Studio Version 16
VisualStudioVersion = 16.0.28803.202
MinimumVisualStudioVersion = 10.0.40219.1
Project("{FAE04EC0-301F-11D3-BF4B-00C04F79EFBC}") = "Jalasoft.BackEnd-FrontEnd", "Jalasoft.BackEnd-FrontEnd\Jalasoft.BackEnd-FrontEnd.csproj", "{765630A7-A0FF-42CA-B3EB-388ABFBE0DF2}"
EndProject
Project("{FAE04EC0-301F-11D3-BF4B-00C04F79EFBC}") = "Model", "Model\Model.csproj", "{B65DA735-DC5E-460D-9211-FEB34806E23E}"
EndProject
Project("{FAE04EC0-301F-11D3-BF4B-00C04F79EFBC}") = "Presentation", "Presentation\Presentation.csproj", "{B3250D33-4788-4E7E-AC72-ADFFD440FA82}"
EndProject
Project("{FAE04EC0-301F-11D3-BF4B-00C04F79EFBC}") = "Busines", "Busines\Busines.csproj", "{D5B508DE-92E7-4E5B-8969-22DE897B3763}"
EndProject
Project("{FAE04EC0-301F-11D3-BF4B-00C04F79EFBC}") = "DataAccess", "DataAccess\DataAccess.csproj", "{BB62EE38-4F44-475D-9474-4DC4B630B128}"
EndProject
Project("{2150E333-8FDC-42A3-9474-1A3956D46DE8}") = "Src", "Src", "{AB6FCA58-2B59-4151-B0C8-EA77D7294E6F}"
EndProject
Project("{2150E333-8FDC-42A3-9474-1A3956D46DE8}") = "Test", "Test", "{9E564D00-EB91-4CB1-B7CB-FBD570997778}"
EndProject
Project("{FAE04EC0-301F-11D3-BF4B-00C04F79EFBC}") = "Model.Test", "Model.Test\Model.Test.csproj", "{16B21604-CD16-4615-9D73-12DBC5DE80E7}"
EndProject
Project("{FAE04EC0-301F-11D3-BF4B-00C04F79EFBC}") = "Busines.Test", "Busines.Test\Busines.Test.csproj", "{7F660975-56FF-4937-A247-5CD538A89364}"
EndProject
Project("{FAE04EC0-301F-11D3-BF4B-00C04F79EFBC}") = "Jalasoft.Chat.Users.Busines", "Jalasoft.Chat.Users.Busines\Jalasoft.Chat.Users.Busines.csproj", "{CEF5FA05-B4A5-4539-94E2-8A112362C2D4}"
EndProject
Global
	GlobalSection(SolutionConfigurationPlatforms) = preSolution
		Debug|Any CPU = Debug|Any CPU
		Release|Any CPU = Release|Any CPU
	EndGlobalSection
	GlobalSection(ProjectConfigurationPlatforms) = postSolution
		{765630A7-A0FF-42CA-B3EB-388ABFBE0DF2}.Debug|Any CPU.ActiveCfg = Debug|Any CPU
		{765630A7-A0FF-42CA-B3EB-388ABFBE0DF2}.Debug|Any CPU.Build.0 = Debug|Any CPU
		{765630A7-A0FF-42CA-B3EB-388ABFBE0DF2}.Release|Any CPU.ActiveCfg = Release|Any CPU
		{765630A7-A0FF-42CA-B3EB-388ABFBE0DF2}.Release|Any CPU.Build.0 = Release|Any CPU
		{B65DA735-DC5E-460D-9211-FEB34806E23E}.Debug|Any CPU.ActiveCfg = Debug|Any CPU
		{B65DA735-DC5E-460D-9211-FEB34806E23E}.Debug|Any CPU.Build.0 = Debug|Any CPU
		{B65DA735-DC5E-460D-9211-FEB34806E23E}.Release|Any CPU.ActiveCfg = Release|Any CPU
		{B65DA735-DC5E-460D-9211-FEB34806E23E}.Release|Any CPU.Build.0 = Release|Any CPU
		{B3250D33-4788-4E7E-AC72-ADFFD440FA82}.Debug|Any CPU.ActiveCfg = Debug|Any CPU
		{B3250D33-4788-4E7E-AC72-ADFFD440FA82}.Debug|Any CPU.Build.0 = Debug|Any CPU
		{B3250D33-4788-4E7E-AC72-ADFFD440FA82}.Release|Any CPU.ActiveCfg = Release|Any CPU
		{B3250D33-4788-4E7E-AC72-ADFFD440FA82}.Release|Any CPU.Build.0 = Release|Any CPU
		{D5B508DE-92E7-4E5B-8969-22DE897B3763}.Debug|Any CPU.ActiveCfg = Debug|Any CPU
		{D5B508DE-92E7-4E5B-8969-22DE897B3763}.Debug|Any CPU.Build.0 = Debug|Any CPU
		{D5B508DE-92E7-4E5B-8969-22DE897B3763}.Release|Any CPU.ActiveCfg = Release|Any CPU
		{D5B508DE-92E7-4E5B-8969-22DE897B3763}.Release|Any CPU.Build.0 = Release|Any CPU
		{BB62EE38-4F44-475D-9474-4DC4B630B128}.Debug|Any CPU.ActiveCfg = Debug|Any CPU
		{BB62EE38-4F44-475D-9474-4DC4B630B128}.Debug|Any CPU.Build.0 = Debug|Any CPU
		{BB62EE38-4F44-475D-9474-4DC4B630B128}.Release|Any CPU.ActiveCfg = Release|Any CPU
		{BB62EE38-4F44-475D-9474-4DC4B630B128}.Release|Any CPU.Build.0 = Release|Any CPU
		{16B21604-CD16-4615-9D73-12DBC5DE80E7}.Debug|Any CPU.ActiveCfg = Debug|Any CPU
		{16B21604-CD16-4615-9D73-12DBC5DE80E7}.Debug|Any CPU.Build.0 = Debug|Any CPU
		{16B21604-CD16-4615-9D73-12DBC5DE80E7}.Release|Any CPU.ActiveCfg = Release|Any CPU
		{16B21604-CD16-4615-9D73-12DBC5DE80E7}.Release|Any CPU.Build.0 = Release|Any CPU
		{7F660975-56FF-4937-A247-5CD538A89364}.Debug|Any CPU.ActiveCfg = Debug|Any CPU
		{7F660975-56FF-4937-A247-5CD538A89364}.Debug|Any CPU.Build.0 = Debug|Any CPU
		{7F660975-56FF-4937-A247-5CD538A89364}.Release|Any CPU.ActiveCfg = Release|Any CPU
		{7F660975-56FF-4937-A247-5CD538A89364}.Release|Any CPU.Build.0 = Release|Any CPU
		{CEF5FA05-B4A5-4539-94E2-8A112362C2D4}.Debug|Any CPU.ActiveCfg = Debug|Any CPU
		{CEF5FA05-B4A5-4539-94E2-8A112362C2D4}.Debug|Any CPU.Build.0 = Debug|Any CPU
		{CEF5FA05-B4A5-4539-94E2-8A112362C2D4}.Release|Any CPU.ActiveCfg = Release|Any CPU
		{CEF5FA05-B4A5-4539-94E2-8A112362C2D4}.Release|Any CPU.Build.0 = Release|Any CPU
	EndGlobalSection
	GlobalSection(SolutionProperties) = preSolution
		HideSolutionNode = FALSE
	EndGlobalSection
	GlobalSection(NestedProjects) = preSolution
		{765630A7-A0FF-42CA-B3EB-388ABFBE0DF2} = {AB6FCA58-2B59-4151-B0C8-EA77D7294E6F}
		{B65DA735-DC5E-460D-9211-FEB34806E23E} = {AB6FCA58-2B59-4151-B0C8-EA77D7294E6F}
		{B3250D33-4788-4E7E-AC72-ADFFD440FA82} = {AB6FCA58-2B59-4151-B0C8-EA77D7294E6F}
		{D5B508DE-92E7-4E5B-8969-22DE897B3763} = {AB6FCA58-2B59-4151-B0C8-EA77D7294E6F}
		{BB62EE38-4F44-475D-9474-4DC4B630B128} = {AB6FCA58-2B59-4151-B0C8-EA77D7294E6F}
		{16B21604-CD16-4615-9D73-12DBC5DE80E7} = {9E564D00-EB91-4CB1-B7CB-FBD570997778}
		{7F660975-56FF-4937-A247-5CD538A89364} = {9E564D00-EB91-4CB1-B7CB-FBD570997778}
		{CEF5FA05-B4A5-4539-94E2-8A112362C2D4} = {AB6FCA58-2B59-4151-B0C8-EA77D7294E6F}
	EndGlobalSection
	GlobalSection(ExtensibilityGlobals) = postSolution
		SolutionGuid = {8385615A-9F3E-45DD-B591-6552C9C9010D}
	EndGlobalSection
EndGlobal
