
Microsoft Visual Studio Solution File, Format Version 12.00
# Visual Studio Version 16
VisualStudioVersion = 16.0.28803.202
MinimumVisualStudioVersion = 10.0.40219.1
Project("{FAE04EC0-301F-11D3-BF4B-00C04F79EFBC}") = "Jalasoft.Composite.pattern", "Jalasoft.Composite.pattern\Jalasoft.Composite.pattern.csproj", "{C8D2588B-2139-4914-B30B-6DFCDEFD2261}"
EndProject
Global
	GlobalSection(SolutionConfigurationPlatforms) = preSolution
		Debug|Any CPU = Debug|Any CPU
		Release|Any CPU = Release|Any CPU
	EndGlobalSection
	GlobalSection(ProjectConfigurationPlatforms) = postSolution
		{C8D2588B-2139-4914-B30B-6DFCDEFD2261}.Debug|Any CPU.ActiveCfg = Debug|Any CPU
		{C8D2588B-2139-4914-B30B-6DFCDEFD2261}.Debug|Any CPU.Build.0 = Debug|Any CPU
		{C8D2588B-2139-4914-B30B-6DFCDEFD2261}.Release|Any CPU.ActiveCfg = Release|Any CPU
		{C8D2588B-2139-4914-B30B-6DFCDEFD2261}.Release|Any CPU.Build.0 = Release|Any CPU
	EndGlobalSection
	GlobalSection(SolutionProperties) = preSolution
		HideSolutionNode = FALSE
	EndGlobalSection
	GlobalSection(ExtensibilityGlobals) = postSolution
		SolutionGuid = {D7BFD0F1-D436-4CE1-9EED-BE64CE7E71E4}
	EndGlobalSection
EndGlobal
